
Microsoft Visual Studio Solution File, Format Version 12.00
# Visual Studio Version 17
VisualStudioVersion = 17.14.36414.22 d17.14
MinimumVisualStudioVersion = 10.0.40219.1
Project("{FAE04EC0-301F-11D3-BF4B-00C04F79EFBC}") = "WorkbookManagement", "WorkbookManagement.csproj", "{2A6337DA-7A48-457A-A5E9-8551629E098F}"
EndProject
Global
	GlobalSection(SolutionConfigurationPlatforms) = preSolution
		Debug|Any CPU = Debug|Any CPU
		Release|Any CPU = Release|Any CPU
	EndGlobalSection
	GlobalSection(ProjectConfigurationPlatforms) = postSolution
		{2A6337DA-7A48-457A-A5E9-8551629E098F}.Debug|Any CPU.ActiveCfg = Debug|Any CPU
		{2A6337DA-7A48-457A-A5E9-8551629E098F}.Debug|Any CPU.Build.0 = Debug|Any CPU
		{2A6337DA-7A48-457A-A5E9-8551629E098F}.Release|Any CPU.ActiveCfg = Release|Any CPU
		{2A6337DA-7A48-457A-A5E9-8551629E098F}.Release|Any CPU.Build.0 = Release|Any CPU
	EndGlobalSection
	GlobalSection(SolutionProperties) = preSolution
		HideSolutionNode = FALSE
	EndGlobalSection
	GlobalSection(ExtensibilityGlobals) = postSolution
		SolutionGuid = {C2571291-7DCC-4DF0-BAF9-89AD4D566878}
	EndGlobalSection
EndGlobal
